
Microsoft Visual Studio Solution File, Format Version 12.00
# Visual Studio Version 17
VisualStudioVersion = 17.8.34511.84
MinimumVisualStudioVersion = 10.0.40219.1
Project("{FAE04EC0-301F-11D3-BF4B-00C04F79EFBC}") = "WinFormsApp1", "WinFormsApp1\WinFormsApp1.csproj", "{782FD944-E7E8-4CCE-BC2B-5A82B4D82B11}"
EndProject
Global
	GlobalSection(SolutionConfigurationPlatforms) = preSolution
		Debug|Any CPU = Debug|Any CPU
		Release|Any CPU = Release|Any CPU
	EndGlobalSection
	GlobalSection(ProjectConfigurationPlatforms) = postSolution
		{782FD944-E7E8-4CCE-BC2B-5A82B4D82B11}.Debug|Any CPU.ActiveCfg = Debug|Any CPU
		{782FD944-E7E8-4CCE-BC2B-5A82B4D82B11}.Debug|Any CPU.Build.0 = Debug|Any CPU
		{782FD944-E7E8-4CCE-BC2B-5A82B4D82B11}.Release|Any CPU.ActiveCfg = Release|Any CPU
		{782FD944-E7E8-4CCE-BC2B-5A82B4D82B11}.Release|Any CPU.Build.0 = Release|Any CPU
	EndGlobalSection
	GlobalSection(SolutionProperties) = preSolution
		HideSolutionNode = FALSE
	EndGlobalSection
	GlobalSection(ExtensibilityGlobals) = postSolution
		SolutionGuid = {801B901D-9477-4B4A-82C3-0F6D311DEDC4}
	EndGlobalSection
EndGlobal
